
Microsoft Visual Studio Solution File, Format Version 12.00
# Visual Studio 2013
VisualStudioVersion = 12.0.40629.0
MinimumVisualStudioVersion = 10.0.40219.1
Project("{8BC9CEB8-8B4A-11D0-8D11-00A0C91BC942}") = "配置文件读写", "配置文件读写\配置文件读写.vcxproj", "{48DA5D4D-7CCD-496F-886D-09EBB0FF49EF}"
EndProject
Global
	GlobalSection(SolutionConfigurationPlatforms) = preSolution
		Debug|Win32 = Debug|Win32
		Release|Win32 = Release|Win32
	EndGlobalSection
	GlobalSection(ProjectConfigurationPlatforms) = postSolution
		{48DA5D4D-7CCD-496F-886D-09EBB0FF49EF}.Debug|Win32.ActiveCfg = Debug|Win32
		{48DA5D4D-7CCD-496F-886D-09EBB0FF49EF}.Debug|Win32.Build.0 = Debug|Win32
		{48DA5D4D-7CCD-496F-886D-09EBB0FF49EF}.Release|Win32.ActiveCfg = Release|Win32
		{48DA5D4D-7CCD-496F-886D-09EBB0FF49EF}.Release|Win32.Build.0 = Release|Win32
	EndGlobalSection
	GlobalSection(SolutionProperties) = preSolution
		HideSolutionNode = FALSE
	EndGlobalSection
EndGlobal
